// !$*UTF8*$!
{
	archiveVersion = 1;
	classes = {
	};
	objectVersion = 50;
	objects = {

/* Begin PBXBuildFile section */
		0A146F5426D7DE650054192E /* Player.swift in Sources */ = {isa = PBXBuildFile; fileRef = 0A146F5326D7DE650054192E /* Player.swift */; };
		0A9A5B2A26B1DA0A000E1DB5 /* AppDelegate.swift in Sources */ = {isa = PBXBuildFile; fileRef = 0A9A5B2926B1DA0A000E1DB5 /* AppDelegate.swift */; };
		0A9A5B2C26B1DA0A000E1DB5 /* SceneDelegate.swift in Sources */ = {isa = PBXBuildFile; fileRef = 0A9A5B2B26B1DA0A000E1DB5 /* SceneDelegate.swift */; };
		0A9A5B2E26B1DA0A000E1DB5 /* WelcomeVC.swift in Sources */ = {isa = PBXBuildFile; fileRef = 0A9A5B2D26B1DA0A000E1DB5 /* WelcomeVC.swift */; };
		0A9A5B3126B1DA0A000E1DB5 /* Main.storyboard in Resources */ = {isa = PBXBuildFile; fileRef = 0A9A5B2F26B1DA0A000E1DB5 /* Main.storyboard */; };
		0A9A5B3326B1DA0D000E1DB5 /* Assets.xcassets in Resources */ = {isa = PBXBuildFile; fileRef = 0A9A5B3226B1DA0D000E1DB5 /* Assets.xcassets */; };
		0A9A5B3626B1DA0D000E1DB5 /* LaunchScreen.storyboard in Resources */ = {isa = PBXBuildFile; fileRef = 0A9A5B3426B1DA0D000E1DB5 /* LaunchScreen.storyboard */; };
		0A9A5B3F26B2CB0F000E1DB5 /* BorderButton.swift in Sources */ = {isa = PBXBuildFile; fileRef = 0A9A5B3E26B2CB0F000E1DB5 /* BorderButton.swift */; };
		0AF71F7D26D4FD3900A9E3AA /* LeagueVC.swift in Sources */ = {isa = PBXBuildFile; fileRef = 0AF71F7C26D4FD3900A9E3AA /* LeagueVC.swift */; };
		0AF71F7F26D4FD6500A9E3AA /* SkillVC.swift in Sources */ = {isa = PBXBuildFile; fileRef = 0AF71F7E26D4FD6500A9E3AA /* SkillVC.swift */; };
/* End PBXBuildFile section */

/* Begin PBXFileReference section */
		0A146F5326D7DE650054192E /* Player.swift */ = {isa = PBXFileReference; lastKnownFileType = sourcecode.swift; path = Player.swift; sourceTree = "<group>"; };
		0A9A5B2626B1DA0A000E1DB5 /* app-swoosh.app */ = {isa = PBXFileReference; explicitFileType = wrapper.application; includeInIndex = 0; path = "app-swoosh.app"; sourceTree = BUILT_PRODUCTS_DIR; };
		0A9A5B2926B1DA0A000E1DB5 /* AppDelegate.swift */ = {isa = PBXFileReference; lastKnownFileType = sourcecode.swift; path = AppDelegate.swift; sourceTree = "<group>"; };
		0A9A5B2B26B1DA0A000E1DB5 /* SceneDelegate.swift */ = {isa = PBXFileReference; lastKnownFileType = sourcecode.swift; path = SceneDelegate.swift; sourceTree = "<group>"; };
		0A9A5B2D26B1DA0A000E1DB5 /* WelcomeVC.swift */ = {isa = PBXFileReference; lastKnownFileType = sourcecode.swift; path = WelcomeVC.swift; sourceTree = "<group>"; };
		0A9A5B3026B1DA0A000E1DB5 /* Base */ = {isa = PBXFileReference; lastKnownFileType = file.storyboard; name = Base; path = Base.lproj/Main.storyboard; sourceTree = "<group>"; };
		0A9A5B3226B1DA0D000E1DB5 /* Assets.xcassets */ = {isa = PBXFileReference; lastKnownFileType = folder.assetcatalog; path = Assets.xcassets; sourceTree = "<group>"; };
		0A9A5B3526B1DA0D000E1DB5 /* Base */ = {isa = PBXFileReference; lastKnownFileType = file.storyboard; name = Base; path = Base.lproj/LaunchScreen.storyboard; sourceTree = "<group>"; };
		0A9A5B3726B1DA0D000E1DB5 /* Info.plist */ = {isa = PBXFileReference; lastKnownFileType = text.plist.xml; path = Info.plist; sourceTree = "<group>"; };
		0A9A5B3E26B2CB0F000E1DB5 /* BorderButton.swift */ = {isa = PBXFileReference; lastKnownFileType = sourcecode.swift; path = BorderButton.swift; sourceTree = "<group>"; };
		0AF71F7C26D4FD3900A9E3AA /* LeagueVC.swift */ = {isa = PBXFileReference; lastKnownFileType = sourcecode.swift; path = LeagueVC.swift; sourceTree = "<group>"; };
		0AF71F7E26D4FD6500A9E3AA /* SkillVC.swift */ = {isa = PBXFileReference; lastKnownFileType = sourcecode.swift; path = SkillVC.swift; sourceTree = "<group>"; };
/* End PBXFileReference section */

/* Begin PBXFrameworksBuildPhase section */
		0A9A5B2326B1DA0A000E1DB5 /* Frameworks */ = {
			isa = PBXFrameworksBuildPhase;
			buildActionMask = 2147483647;
			files = (
			);
			runOnlyForDeploymentPostprocessing = 0;
		};
/* End PBXFrameworksBuildPhase section */

/* Begin PBXGroup section */
		0A9A5B1D26B1DA0A000E1DB5 = {
			isa = PBXGroup;
			children = (
				0A9A5B2826B1DA0A000E1DB5 /* app-swoosh */,
				0A9A5B2726B1DA0A000E1DB5 /* Products */,
			);
			sourceTree = "<group>";
		};
		0A9A5B2726B1DA0A000E1DB5 /* Products */ = {
			isa = PBXGroup;
			children = (
				0A9A5B2626B1DA0A000E1DB5 /* app-swoosh.app */,
			);
			name = Products;
			sourceTree = "<group>";
		};
		0A9A5B2826B1DA0A000E1DB5 /* app-swoosh */ = {
			isa = PBXGroup;
			children = (
				0AF71F7B26D4FC1700A9E3AA /* Controller */,
				0AF71F7A26D4FC0F00A9E3AA /* Model */,
				0A9A5B3D26B2CA27000E1DB5 /* View */,
				0A9A5B2926B1DA0A000E1DB5 /* AppDelegate.swift */,
				0A9A5B2B26B1DA0A000E1DB5 /* SceneDelegate.swift */,
				0A9A5B2F26B1DA0A000E1DB5 /* Main.storyboard */,
				0A9A5B3226B1DA0D000E1DB5 /* Assets.xcassets */,
				0A9A5B3426B1DA0D000E1DB5 /* LaunchScreen.storyboard */,
				0A9A5B3726B1DA0D000E1DB5 /* Info.plist */,
			);
			path = "app-swoosh";
			sourceTree = "<group>";
		};
		0A9A5B3D26B2CA27000E1DB5 /* View */ = {
			isa = PBXGroup;
			children = (
				0A9A5B3E26B2CB0F000E1DB5 /* BorderButton.swift */,
			);
			path = View;
			sourceTree = "<group>";
		};
		0AF71F7A26D4FC0F00A9E3AA /* Model */ = {
			isa = PBXGroup;
			children = (
				0A146F5326D7DE650054192E /* Player.swift */,
			);
			path = Model;
			sourceTree = "<group>";
		};
		0AF71F7B26D4FC1700A9E3AA /* Controller */ = {
			isa = PBXGroup;
			children = (
				0A9A5B2D26B1DA0A000E1DB5 /* WelcomeVC.swift */,
				0AF71F7C26D4FD3900A9E3AA /* LeagueVC.swift */,
				0AF71F7E26D4FD6500A9E3AA /* SkillVC.swift */,
			);
			path = Controller;
			sourceTree = "<group>";
		};
/* End PBXGroup section */

/* Begin PBXNativeTarget section */
		0A9A5B2526B1DA0A000E1DB5 /* app-swoosh */ = {
			isa = PBXNativeTarget;
			buildConfigurationList = 0A9A5B3A26B1DA0D000E1DB5 /* Build configuration list for PBXNativeTarget "app-swoosh" */;
			buildPhases = (
				0A9A5B2226B1DA0A000E1DB5 /* Sources */,
				0A9A5B2326B1DA0A000E1DB5 /* Frameworks */,
				0A9A5B2426B1DA0A000E1DB5 /* Resources */,
			);
			buildRules = (
			);
			dependencies = (
			);
			name = "app-swoosh";
			productName = "app-swoosh";
			productReference = 0A9A5B2626B1DA0A000E1DB5 /* app-swoosh.app */;
			productType = "com.apple.product-type.application";
		};
/* End PBXNativeTarget section */

/* Begin PBXProject section */
		0A9A5B1E26B1DA0A000E1DB5 /* Project object */ = {
			isa = PBXProject;
			attributes = {
				LastSwiftUpdateCheck = 1250;
				LastUpgradeCheck = 1250;
				TargetAttributes = {
					0A9A5B2526B1DA0A000E1DB5 = {
						CreatedOnToolsVersion = 12.5.1;
					};
				};
			};
			buildConfigurationList = 0A9A5B2126B1DA0A000E1DB5 /* Build configuration list for PBXProject "app-swoosh" */;
			compatibilityVersion = "Xcode 9.3";
			developmentRegion = en;
			hasScannedForEncodings = 0;
			knownRegions = (
				en,
				Base,
			);
			mainGroup = 0A9A5B1D26B1DA0A000E1DB5;
			productRefGroup = 0A9A5B2726B1DA0A000E1DB5 /* Products */;
			projectDirPath = "";
			projectRoot = "";
			targets = (
				0A9A5B2526B1DA0A000E1DB5 /* app-swoosh */,
			);
		};
/* End PBXProject section */

/* Begin PBXResourcesBuildPhase section */
		0A9A5B2426B1DA0A000E1DB5 /* Resources */ = {
			isa = PBXResourcesBuildPhase;
			buildActionMask = 2147483647;
			files = (
				0A9A5B3626B1DA0D000E1DB5 /* LaunchScreen.storyboard in Resources */,
				0A9A5B3326B1DA0D000E1DB5 /* Assets.xcassets in Resources */,
				0A9A5B3126B1DA0A000E1DB5 /* Main.storyboard in Resources */,
			);
			runOnlyForDeploymentPostprocessing = 0;
		};
/* End PBXResourcesBuildPhase section */

/* Begin PBXSourcesBuildPhase section */
		0A9A5B2226B1DA0A000E1DB5 /* Sources */ = {
			isa = PBXSourcesBuildPhase;
			buildActionMask = 2147483647;
			files = (
				0AF71F7D26D4FD3900A9E3AA /* LeagueVC.swift in Sources */,
				0A9A5B2E26B1DA0A000E1DB5 /* WelcomeVC.swift in Sources */,
				0A9A5B2A26B1DA0A000E1DB5 /* AppDelegate.swift in Sources */,
				0A9A5B2C26B1DA0A000E1DB5 /* SceneDelegate.swift in Sources */,
				0A146F5426D7DE650054192E /* Player.swift in Sources */,
				0AF71F7F26D4FD6500A9E3AA /* SkillVC.swift in Sources */,
				0A9A5B3F26B2CB0F000E1DB5 /* BorderButton.swift in Sources */,
			);
			runOnlyForDeploymentPostprocessing = 0;
		};
/* End PBXSourcesBuildPhase section */

/* Begin PBXVariantGroup section */
		0A9A5B2F26B1DA0A000E1DB5 /* Main.storyboard */ = {
			isa = PBXVariantGroup;
			children = (
				0A9A5B3026B1DA0A000E1DB5 /* Base */,
			);
			name = Main.storyboard;
			sourceTree = "<group>";
		};
		0A9A5B3426B1DA0D000E1DB5 /* LaunchScreen.storyboard */ = {
			isa = PBXVariantGroup;
			children = (
				0A9A5B3526B1DA0D000E1DB5 /* Base */,
			);
			name = LaunchScreen.storyboard;
			sourceTree = "<group>";
		};
/* End PBXVariantGroup section */

/* Begin XCBuildConfiguration section */
		0A9A5B3826B1DA0D000E1DB5 /* Debug */ = {
			isa = XCBuildConfiguration;
			buildSettings = {
				ALWAYS_SEARCH_USER_PATHS = NO;
				CLANG_ANALYZER_NONNULL = YES;
				CLANG_ANALYZER_NUMBER_OBJECT_CONVERSION = YES_AGGRESSIVE;
				CLANG_CXX_LANGUAGE_STANDARD = "gnu++14";
				CLANG_CXX_LIBRARY = "libc++";
				CLANG_ENABLE_MODULES = YES;
				CLANG_ENABLE_OBJC_ARC = YES;
				CLANG_ENABLE_OBJC_WEAK = YES;
				CLANG_WARN_BLOCK_CAPTURE_AUTORELEASING = YES;
				CLANG_WARN_BOOL_CONVERSION = YES;
				CLANG_WARN_COMMA = YES;
				CLANG_WARN_CONSTANT_CONVERSION = YES;
				CLANG_WARN_DEPRECATED_OBJC_IMPLEMENTATIONS = YES;
				CLANG_WARN_DIRECT_OBJC_ISA_USAGE = YES_ERROR;
				CLANG_WARN_DOCUMENTATION_COMMENTS = YES;
				CLANG_WARN_EMPTY_BODY = YES;
				CLANG_WARN_ENUM_CONVERSION = YES;
				CLANG_WARN_INFINITE_RECURSION = YES;
				CLANG_WARN_INT_CONVERSION = YES;
				CLANG_WARN_NON_LITERAL_NULL_CONVERSION = YES;
				CLANG_WARN_OBJC_IMPLICIT_RETAIN_SELF = YES;
				CLANG_WARN_OBJC_LITERAL_CONVERSION = YES;
				CLANG_WARN_OBJC_ROOT_CLASS = YES_ERROR;
				CLANG_WARN_QUOTED_INCLUDE_IN_FRAMEWORK_HEADER = YES;
				CLANG_WARN_RANGE_LOOP_ANALYSIS = YES;
				CLANG_WARN_STRICT_PROTOTYPES = YES;
				CLANG_WARN_SUSPICIOUS_MOVE = YES;
				CLANG_WARN_UNGUARDED_AVAILABILITY = YES_AGGRESSIVE;
				CLANG_WARN_UNREACHABLE_CODE = YES;
				CLANG_WARN__DUPLICATE_METHOD_MATCH = YES;
				COPY_PHASE_STRIP = NO;
				DEBUG_INFORMATION_FORMAT = dwarf;
				ENABLE_STRICT_OBJC_MSGSEND = YES;
				ENABLE_TESTABILITY = YES;
				GCC_C_LANGUAGE_STANDARD = gnu11;
				GCC_DYNAMIC_NO_PIC = NO;
				GCC_NO_COMMON_BLOCKS = YES;
				GCC_OPTIMIZATION_LEVEL = 0;
				GCC_PREPROCESSOR_DEFINITIONS = (
					"DEBUG=1",
					"$(inherited)",
				);
				GCC_WARN_64_TO_32_BIT_CONVERSION = YES;
				GCC_WARN_ABOUT_RETURN_TYPE = YES_ERROR;
				GCC_WARN_UNDECLARED_SELECTOR = YES;
				GCC_WARN_UNINITIALIZED_AUTOS = YES_AGGRESSIVE;
				GCC_WARN_UNUSED_FUNCTION = YES;
				GCC_WARN_UNUSED_VARIABLE = YES;
				IPHONEOS_DEPLOYMENT_TARGET = 14.5;
				MTL_ENABLE_DEBUG_INFO = INCLUDE_SOURCE;
				MTL_FAST_MATH = YES;
				ONLY_ACTIVE_ARCH = YES;
				SDKROOT = iphoneos;
				SWIFT_ACTIVE_COMPILATION_CONDITIONS = DEBUG;
				SWIFT_OPTIMIZATION_LEVEL = "-Onone";
			};
			name = Debug;
		};
		0A9A5B3926B1DA0D000E1DB5 /* Release */ = {
			isa = XCBuildConfiguration;
			buildSettings = {
				ALWAYS_SEARCH_USER_PATHS = NO;
				CLANG_ANALYZER_NONNULL = YES;
				CLANG_ANALYZER_NUMBER_OBJECT_CONVERSION = YES_AGGRESSIVE;
				CLANG_CXX_LANGUAGE_STANDARD = "gnu++14";
				CLANG_CXX_LIBRARY = "libc++";
				CLANG_ENABLE_MODULES = YES;
				CLANG_ENABLE_OBJC_ARC = YES;
				CLANG_ENABLE_OBJC_WEAK = YES;
				CLANG_WARN_BLOCK_CAPTURE_AUTORELEASING = YES;
				CLANG_WARN_BOOL_CONVERSION = YES;
				CLANG_WARN_COMMA = YES;
				CLANG_WARN_CONSTANT_CONVERSION = YES;
				CLANG_WARN_DEPRECATED_OBJC_IMPLEMENTATIONS = YES;
				CLANG_WARN_DIRECT_OBJC_ISA_USAGE = YES_ERROR;
				CLANG_WARN_DOCUMENTATION_COMMENTS = YES;
				CLANG_WARN_EMPTY_BODY = YES;
				CLANG_WARN_ENUM_CONVERSION = YES;
				CLANG_WARN_INFINITE_RECURSION = YES;
				CLANG_WARN_INT_CONVERSION = YES;
				CLANG_WARN_NON_LITERAL_NULL_CONVERSION = YES;
				CLANG_WARN_OBJC_IMPLICIT_RETAIN_SELF = YES;
				CLANG_WARN_OBJC_LITERAL_CONVERSION = YES;
				CLANG_WARN_OBJC_ROOT_CLASS = YES_ERROR;
				CLANG_WARN_QUOTED_INCLUDE_IN_FRAMEWORK_HEADER = YES;
				CLANG_WARN_RANGE_LOOP_ANALYSIS = YES;
				CLANG_WARN_STRICT_PROTOTYPES = YES;
				CLANG_WARN_SUSPICIOUS_MOVE = YES;
				CLANG_WARN_UNGUARDED_AVAILABILITY = YES_AGGRESSIVE;
				CLANG_WARN_UNREACHABLE_CODE = YES;
				CLANG_WARN__DUPLICATE_METHOD_MATCH = YES;
				COPY_PHASE_STRIP = NO;
				DEBUG_INFORMATION_FORMAT = "dwarf-with-dsym";
				ENABLE_NS_ASSERTIONS = NO;
				ENABLE_STRICT_OBJC_MSGSEND = YES;
				GCC_C_LANGUAGE_STANDARD = gnu11;
				GCC_NO_COMMON_BLOCKS = YES;
				GCC_WARN_64_TO_32_BIT_CONVERSION = YES;
				GCC_WARN_ABOUT_RETURN_TYPE = YES_ERROR;
				GCC_WARN_UNDECLARED_SELECTOR = YES;
				GCC_WARN_UNINITIALIZED_AUTOS = YES_AGGRESSIVE;
				GCC_WARN_UNUSED_FUNCTION = YES;
				GCC_WARN_UNUSED_VARIABLE = YES;
				IPHONEOS_DEPLOYMENT_TARGET = 14.5;
				MTL_ENABLE_DEBUG_INFO = NO;
				MTL_FAST_MATH = YES;
				SDKROOT = iphoneos;
				SWIFT_COMPILATION_MODE = wholemodule;
				SWIFT_OPTIMIZATION_LEVEL = "-O";
				VALIDATE_PRODUCT = YES;
			};
			name = Release;
		};
		0A9A5B3B26B1DA0D000E1DB5 /* Debug */ = {
			isa = XCBuildConfiguration;
			buildSettings = {
				ASSETCATALOG_COMPILER_APPICON_NAME = AppIcon;
				ASSETCATALOG_COMPILER_GLOBAL_ACCENT_COLOR_NAME = AccentColor;
				CODE_SIGN_STYLE = Automatic;
				INFOPLIST_FILE = "app-swoosh/Info.plist";
				LD_RUNPATH_SEARCH_PATHS = (
					"$(inherited)",
					"@executable_path/Frameworks",
				);
				PRODUCT_BUNDLE_IDENTIFIER = "com.dariatimofeeva.app-swoosh";
				PRODUCT_NAME = "$(TARGET_NAME)";
				SWIFT_VERSION = 5.0;
				TARGETED_DEVICE_FAMILY = "1,2";
			};
			name = Debug;
		};
		0A9A5B3C26B1DA0D000E1DB5 /* Release */ = {
			isa = XCBuildConfiguration;
			buildSettings = {
				ASSETCATALOG_COMPILER_APPICON_NAME = AppIcon;
				ASSETCATALOG_COMPILER_GLOBAL_ACCENT_COLOR_NAME = AccentColor;
				CODE_SIGN_STYLE = Automatic;
				INFOPLIST_FILE = "app-swoosh/Info.plist";
				LD_RUNPATH_SEARCH_PATHS = (
					"$(inherited)",
					"@executable_path/Frameworks",
				);
				PRODUCT_BUNDLE_IDENTIFIER = "com.dariatimofeeva.app-swoosh";
				PRODUCT_NAME = "$(TARGET_NAME)";
				SWIFT_VERSION = 5.0;
				TARGETED_DEVICE_FAMILY = "1,2";
			};
			name = Release;
		};
/* End XCBuildConfiguration section */

/* Begin XCConfigurationList section */
		0A9A5B2126B1DA0A000E1DB5 /* Build configuration list for PBXProject "app-swoosh" */ = {
			isa = XCConfigurationList;
			buildConfigurations = (
				0A9A5B3826B1DA0D000E1DB5 /* Debug */,
				0A9A5B3926B1DA0D000E1DB5 /* Release */,
			);
			defaultConfigurationIsVisible = 0;
			defaultConfigurationName = Release;
		};
		0A9A5B3A26B1DA0D000E1DB5 /* Build configuration list for PBXNativeTarget "app-swoosh" */ = {
			isa = XCConfigurationList;
			buildConfigurations = (
				0A9A5B3B26B1DA0D000E1DB5 /* Debug */,
				0A9A5B3C26B1DA0D000E1DB5 /* Release */,
			);
			defaultConfigurationIsVisible = 0;
			defaultConfigurationName = Release;
		};
/* End XCConfigurationList section */
	};
	rootObject = 0A9A5B1E26B1DA0A000E1DB5 /* Project object */;
}
